// !$*UTF8*$!
{
	archiveVersion = 1;
	classes = {
	};
	objectVersion = 56;
	objects = {

/* Begin PBXBuildFile section */
		5CF0EB2B2922AE63001F533D /* AppDelegate.swift in Sources */ = {isa = PBXBuildFile; fileRef = 5CF0EB2A2922AE63001F533D /* AppDelegate.swift */; };
		5CF0EB342922AE64001F533D /* Assets.xcassets in Resources */ = {isa = PBXBuildFile; fileRef = 5CF0EB332922AE64001F533D /* Assets.xcassets */; };
		5CF0EB372922AE64001F533D /* LaunchScreen.storyboard in Resources */ = {isa = PBXBuildFile; fileRef = 5CF0EB352922AE64001F533D /* LaunchScreen.storyboard */; };
		5CF0EB442922AEFF001F533D /* MainView.swift in Sources */ = {isa = PBXBuildFile; fileRef = 5CF0EB432922AEFF001F533D /* MainView.swift */; };
		5CF0EB462922AF2B001F533D /* MainViewController.swift in Sources */ = {isa = PBXBuildFile; fileRef = 5CF0EB452922AF2B001F533D /* MainViewController.swift */; };
		5CF0EB482922AFED001F533D /* MainRouter.swift in Sources */ = {isa = PBXBuildFile; fileRef = 5CF0EB472922AFED001F533D /* MainRouter.swift */; };
		5CF0EB4A2922B001001F533D /* MainPresenter.swift in Sources */ = {isa = PBXBuildFile; fileRef = 5CF0EB492922B001001F533D /* MainPresenter.swift */; };
		5CF0EB4C2922B00D001F533D /* MainInteractor.swift in Sources */ = {isa = PBXBuildFile; fileRef = 5CF0EB4B2922B00D001F533D /* MainInteractor.swift */; };
		5CF0EB4E2922B02F001F533D /* MainConfigurator.swift in Sources */ = {isa = PBXBuildFile; fileRef = 5CF0EB4D2922B02F001F533D /* MainConfigurator.swift */; };
		5CF0EB522922B3C1001F533D /* MainModel.swift in Sources */ = {isa = PBXBuildFile; fileRef = 5CF0EB512922B3C1001F533D /* MainModel.swift */; };
/* End PBXBuildFile section */

/* Begin PBXFileReference section */
		5CF0EB272922AE63001F533D /* VIP.app */ = {isa = PBXFileReference; explicitFileType = wrapper.application; includeInIndex = 0; path = VIP.app; sourceTree = BUILT_PRODUCTS_DIR; };
		5CF0EB2A2922AE63001F533D /* AppDelegate.swift */ = {isa = PBXFileReference; lastKnownFileType = sourcecode.swift; path = AppDelegate.swift; sourceTree = "<group>"; };
		5CF0EB332922AE64001F533D /* Assets.xcassets */ = {isa = PBXFileReference; lastKnownFileType = folder.assetcatalog; path = Assets.xcassets; sourceTree = "<group>"; };
		5CF0EB362922AE64001F533D /* Base */ = {isa = PBXFileReference; lastKnownFileType = file.storyboard; name = Base; path = Base.lproj/LaunchScreen.storyboard; sourceTree = "<group>"; };
		5CF0EB382922AE64001F533D /* Info.plist */ = {isa = PBXFileReference; lastKnownFileType = text.plist.xml; path = Info.plist; sourceTree = "<group>"; };
		5CF0EB432922AEFF001F533D /* MainView.swift */ = {isa = PBXFileReference; lastKnownFileType = sourcecode.swift; path = MainView.swift; sourceTree = "<group>"; };
		5CF0EB452922AF2B001F533D /* MainViewController.swift */ = {isa = PBXFileReference; lastKnownFileType = sourcecode.swift; path = MainViewController.swift; sourceTree = "<group>"; };
		5CF0EB472922AFED001F533D /* MainRouter.swift */ = {isa = PBXFileReference; lastKnownFileType = sourcecode.swift; path = MainRouter.swift; sourceTree = "<group>"; };
		5CF0EB492922B001001F533D /* MainPresenter.swift */ = {isa = PBXFileReference; lastKnownFileType = sourcecode.swift; path = MainPresenter.swift; sourceTree = "<group>"; };
		5CF0EB4B2922B00D001F533D /* MainInteractor.swift */ = {isa = PBXFileReference; lastKnownFileType = sourcecode.swift; path = MainInteractor.swift; sourceTree = "<group>"; };
		5CF0EB4D2922B02F001F533D /* MainConfigurator.swift */ = {isa = PBXFileReference; lastKnownFileType = sourcecode.swift; path = MainConfigurator.swift; sourceTree = "<group>"; };
		5CF0EB512922B3C1001F533D /* MainModel.swift */ = {isa = PBXFileReference; lastKnownFileType = sourcecode.swift; path = MainModel.swift; sourceTree = "<group>"; };
/* End PBXFileReference section */

/* Begin PBXFrameworksBuildPhase section */
		5CF0EB242922AE63001F533D /* Frameworks */ = {
			isa = PBXFrameworksBuildPhase;
			buildActionMask = 2147483647;
			files = (
			);
			runOnlyForDeploymentPostprocessing = 0;
		};
/* End PBXFrameworksBuildPhase section */

/* Begin PBXGroup section */
		5CF0EB1E2922AE63001F533D = {
			isa = PBXGroup;
			children = (
				5CF0EB292922AE63001F533D /* VIP */,
				5CF0EB282922AE63001F533D /* Products */,
			);
			sourceTree = "<group>";
		};
		5CF0EB282922AE63001F533D /* Products */ = {
			isa = PBXGroup;
			children = (
				5CF0EB272922AE63001F533D /* VIP.app */,
			);
			name = Products;
			sourceTree = "<group>";
		};
		5CF0EB292922AE63001F533D /* VIP */ = {
			isa = PBXGroup;
			children = (
				5CF0EB3F2922AEA6001F533D /* App */,
				5CF0EB402922AEDD001F533D /* Modules */,
				5CF0EB3E2922AE89001F533D /* Resources */,
			);
			path = VIP;
			sourceTree = "<group>";
		};
		5CF0EB3E2922AE89001F533D /* Resources */ = {
			isa = PBXGroup;
			children = (
				5CF0EB332922AE64001F533D /* Assets.xcassets */,
				5CF0EB352922AE64001F533D /* LaunchScreen.storyboard */,
				5CF0EB382922AE64001F533D /* Info.plist */,
			);
			path = Resources;
			sourceTree = "<group>";
		};
		5CF0EB3F2922AEA6001F533D /* App */ = {
			isa = PBXGroup;
			children = (
				5CF0EB2A2922AE63001F533D /* AppDelegate.swift */,
			);
			path = App;
			sourceTree = "<group>";
		};
		5CF0EB402922AEDD001F533D /* Modules */ = {
			isa = PBXGroup;
			children = (
				5CF0EB412922AEE9001F533D /* Main */,
			);
			path = Modules;
			sourceTree = "<group>";
		};
		5CF0EB412922AEE9001F533D /* Main */ = {
			isa = PBXGroup;
			children = (
				5CF0EB422922AEEE001F533D /* View */,
				5CF0EB4D2922B02F001F533D /* MainConfigurator.swift */,
				5CF0EB452922AF2B001F533D /* MainViewController.swift */,
				5CF0EB472922AFED001F533D /* MainRouter.swift */,
				5CF0EB492922B001001F533D /* MainPresenter.swift */,
				5CF0EB4B2922B00D001F533D /* MainInteractor.swift */,
				5CF0EB512922B3C1001F533D /* MainModel.swift */,
			);
			path = Main;
			sourceTree = "<group>";
		};
		5CF0EB422922AEEE001F533D /* View */ = {
			isa = PBXGroup;
			children = (
				5CF0EB432922AEFF001F533D /* MainView.swift */,
			);
			path = View;
			sourceTree = "<group>";
		};
/* End PBXGroup section */

/* Begin PBXNativeTarget section */
		5CF0EB262922AE63001F533D /* VIP */ = {
			isa = PBXNativeTarget;
			buildConfigurationList = 5CF0EB3B2922AE64001F533D /* Build configuration list for PBXNativeTarget "VIP" */;
			buildPhases = (
				5CF0EB232922AE63001F533D /* Sources */,
				5CF0EB242922AE63001F533D /* Frameworks */,
				5CF0EB252922AE63001F533D /* Resources */,
			);
			buildRules = (
			);
			dependencies = (
			);
			name = VIP;
			productName = VIP;
			productReference = 5CF0EB272922AE63001F533D /* VIP.app */;
			productType = "com.apple.product-type.application";
		};
/* End PBXNativeTarget section */

/* Begin PBXProject section */
		5CF0EB1F2922AE63001F533D /* Project object */ = {
			isa = PBXProject;
			attributes = {
				BuildIndependentTargetsInParallel = 1;
				LastSwiftUpdateCheck = 1400;
				LastUpgradeCheck = 1400;
				TargetAttributes = {
					5CF0EB262922AE63001F533D = {
						CreatedOnToolsVersion = 14.0;
					};
				};
			};
			buildConfigurationList = 5CF0EB222922AE63001F533D /* Build configuration list for PBXProject "VIP" */;
			compatibilityVersion = "Xcode 14.0";
			developmentRegion = en;
			hasScannedForEncodings = 0;
			knownRegions = (
				en,
				Base,
			);
			mainGroup = 5CF0EB1E2922AE63001F533D;
			productRefGroup = 5CF0EB282922AE63001F533D /* Products */;
			projectDirPath = "";
			projectRoot = "";
			targets = (
				5CF0EB262922AE63001F533D /* VIP */,
			);
		};
/* End PBXProject section */

/* Begin PBXResourcesBuildPhase section */
		5CF0EB252922AE63001F533D /* Resources */ = {
			isa = PBXResourcesBuildPhase;
			buildActionMask = 2147483647;
			files = (
				5CF0EB372922AE64001F533D /* LaunchScreen.storyboard in Resources */,
				5CF0EB342922AE64001F533D /* Assets.xcassets in Resources */,
			);
			runOnlyForDeploymentPostprocessing = 0;
		};
/* End PBXResourcesBuildPhase section */

/* Begin PBXSourcesBuildPhase section */
		5CF0EB232922AE63001F533D /* Sources */ = {
			isa = PBXSourcesBuildPhase;
			buildActionMask = 2147483647;
			files = (
				5CF0EB4A2922B001001F533D /* MainPresenter.swift in Sources */,
				5CF0EB462922AF2B001F533D /* MainViewController.swift in Sources */,
				5CF0EB482922AFED001F533D /* MainRouter.swift in Sources */,
				5CF0EB2B2922AE63001F533D /* AppDelegate.swift in Sources */,
				5CF0EB4E2922B02F001F533D /* MainConfigurator.swift in Sources */,
				5CF0EB522922B3C1001F533D /* MainModel.swift in Sources */,
				5CF0EB442922AEFF001F533D /* MainView.swift in Sources */,
				5CF0EB4C2922B00D001F533D /* MainInteractor.swift in Sources */,
			);
			runOnlyForDeploymentPostprocessing = 0;
		};
/* End PBXSourcesBuildPhase section */

/* Begin PBXVariantGroup section */
		5CF0EB352922AE64001F533D /* LaunchScreen.storyboard */ = {
			isa = PBXVariantGroup;
			children = (
				5CF0EB362922AE64001F533D /* Base */,
			);
			name = LaunchScreen.storyboard;
			sourceTree = "<group>";
		};
/* End PBXVariantGroup section */

/* Begin XCBuildConfiguration section */
		5CF0EB392922AE64001F533D /* Debug */ = {
			isa = XCBuildConfiguration;
			buildSettings = {
				ALWAYS_SEARCH_USER_PATHS = NO;
				CLANG_ANALYZER_NONNULL = YES;
				CLANG_ANALYZER_NUMBER_OBJECT_CONVERSION = YES_AGGRESSIVE;
				CLANG_CXX_LANGUAGE_STANDARD = "gnu++20";
				CLANG_ENABLE_MODULES = YES;
				CLANG_ENABLE_OBJC_ARC = YES;
				CLANG_ENABLE_OBJC_WEAK = YES;
				CLANG_WARN_BLOCK_CAPTURE_AUTORELEASING = YES;
				CLANG_WARN_BOOL_CONVERSION = YES;
				CLANG_WARN_COMMA = YES;
				CLANG_WARN_CONSTANT_CONVERSION = YES;
				CLANG_WARN_DEPRECATED_OBJC_IMPLEMENTATIONS = YES;
				CLANG_WARN_DIRECT_OBJC_ISA_USAGE = YES_ERROR;
				CLANG_WARN_DOCUMENTATION_COMMENTS = YES;
				CLANG_WARN_EMPTY_BODY = YES;
				CLANG_WARN_ENUM_CONVERSION = YES;
				CLANG_WARN_INFINITE_RECURSION = YES;
				CLANG_WARN_INT_CONVERSION = YES;
				CLANG_WARN_NON_LITERAL_NULL_CONVERSION = YES;
				CLANG_WARN_OBJC_IMPLICIT_RETAIN_SELF = YES;
				CLANG_WARN_OBJC_LITERAL_CONVERSION = YES;
				CLANG_WARN_OBJC_ROOT_CLASS = YES_ERROR;
				CLANG_WARN_QUOTED_INCLUDE_IN_FRAMEWORK_HEADER = YES;
				CLANG_WARN_RANGE_LOOP_ANALYSIS = YES;
				CLANG_WARN_STRICT_PROTOTYPES = YES;
				CLANG_WARN_SUSPICIOUS_MOVE = YES;
				CLANG_WARN_UNGUARDED_AVAILABILITY = YES_AGGRESSIVE;
				CLANG_WARN_UNREACHABLE_CODE = YES;
				CLANG_WARN__DUPLICATE_METHOD_MATCH = YES;
				COPY_PHASE_STRIP = NO;
				DEBUG_INFORMATION_FORMAT = dwarf;
				ENABLE_STRICT_OBJC_MSGSEND = YES;
				ENABLE_TESTABILITY = YES;
				GCC_C_LANGUAGE_STANDARD = gnu11;
				GCC_DYNAMIC_NO_PIC = NO;
				GCC_NO_COMMON_BLOCKS = YES;
				GCC_OPTIMIZATION_LEVEL = 0;
				GCC_PREPROCESSOR_DEFINITIONS = (
					"DEBUG=1",
					"$(inherited)",
				);
				GCC_WARN_64_TO_32_BIT_CONVERSION = YES;
				GCC_WARN_ABOUT_RETURN_TYPE = YES_ERROR;
				GCC_WARN_UNDECLARED_SELECTOR = YES;
				GCC_WARN_UNINITIALIZED_AUTOS = YES_AGGRESSIVE;
				GCC_WARN_UNUSED_FUNCTION = YES;
				GCC_WARN_UNUSED_VARIABLE = YES;
				IPHONEOS_DEPLOYMENT_TARGET = 16.0;
				MTL_ENABLE_DEBUG_INFO = INCLUDE_SOURCE;
				MTL_FAST_MATH = YES;
				ONLY_ACTIVE_ARCH = YES;
				SDKROOT = iphoneos;
				SWIFT_ACTIVE_COMPILATION_CONDITIONS = DEBUG;
				SWIFT_OPTIMIZATION_LEVEL = "-Onone";
			};
			name = Debug;
		};
		5CF0EB3A2922AE64001F533D /* Release */ = {
			isa = XCBuildConfiguration;
			buildSettings = {
				ALWAYS_SEARCH_USER_PATHS = NO;
				CLANG_ANALYZER_NONNULL = YES;
				CLANG_ANALYZER_NUMBER_OBJECT_CONVERSION = YES_AGGRESSIVE;
				CLANG_CXX_LANGUAGE_STANDARD = "gnu++20";
				CLANG_ENABLE_MODULES = YES;
				CLANG_ENABLE_OBJC_ARC = YES;
				CLANG_ENABLE_OBJC_WEAK = YES;
				CLANG_WARN_BLOCK_CAPTURE_AUTORELEASING = YES;
				CLANG_WARN_BOOL_CONVERSION = YES;
				CLANG_WARN_COMMA = YES;
				CLANG_WARN_CONSTANT_CONVERSION = YES;
				CLANG_WARN_DEPRECATED_OBJC_IMPLEMENTATIONS = YES;
				CLANG_WARN_DIRECT_OBJC_ISA_USAGE = YES_ERROR;
				CLANG_WARN_DOCUMENTATION_COMMENTS = YES;
				CLANG_WARN_EMPTY_BODY = YES;
				CLANG_WARN_ENUM_CONVERSION = YES;
				CLANG_WARN_INFINITE_RECURSION = YES;
				CLANG_WARN_INT_CONVERSION = YES;
				CLANG_WARN_NON_LITERAL_NULL_CONVERSION = YES;
				CLANG_WARN_OBJC_IMPLICIT_RETAIN_SELF = YES;
				CLANG_WARN_OBJC_LITERAL_CONVERSION = YES;
				CLANG_WARN_OBJC_ROOT_CLASS = YES_ERROR;
				CLANG_WARN_QUOTED_INCLUDE_IN_FRAMEWORK_HEADER = YES;
				CLANG_WARN_RANGE_LOOP_ANALYSIS = YES;
				CLANG_WARN_STRICT_PROTOTYPES = YES;
				CLANG_WARN_SUSPICIOUS_MOVE = YES;
				CLANG_WARN_UNGUARDED_AVAILABILITY = YES_AGGRESSIVE;
				CLANG_WARN_UNREACHABLE_CODE = YES;
				CLANG_WARN__DUPLICATE_METHOD_MATCH = YES;
				COPY_PHASE_STRIP = NO;
				DEBUG_INFORMATION_FORMAT = "dwarf-with-dsym";
				ENABLE_NS_ASSERTIONS = NO;
				ENABLE_STRICT_OBJC_MSGSEND = YES;
				GCC_C_LANGUAGE_STANDARD = gnu11;
				GCC_NO_COMMON_BLOCKS = YES;
				GCC_WARN_64_TO_32_BIT_CONVERSION = YES;
				GCC_WARN_ABOUT_RETURN_TYPE = YES_ERROR;
				GCC_WARN_UNDECLARED_SELECTOR = YES;
				GCC_WARN_UNINITIALIZED_AUTOS = YES_AGGRESSIVE;
				GCC_WARN_UNUSED_FUNCTION = YES;
				GCC_WARN_UNUSED_VARIABLE = YES;
				IPHONEOS_DEPLOYMENT_TARGET = 16.0;
				MTL_ENABLE_DEBUG_INFO = NO;
				MTL_FAST_MATH = YES;
				SDKROOT = iphoneos;
				SWIFT_COMPILATION_MODE = wholemodule;
				SWIFT_OPTIMIZATION_LEVEL = "-O";
				VALIDATE_PRODUCT = YES;
			};
			name = Release;
		};
		5CF0EB3C2922AE64001F533D /* Debug */ = {
			isa = XCBuildConfiguration;
			buildSettings = {
				ASSETCATALOG_COMPILER_APPICON_NAME = AppIcon;
				ASSETCATALOG_COMPILER_GLOBAL_ACCENT_COLOR_NAME = AccentColor;
				CODE_SIGN_STYLE = Automatic;
				CURRENT_PROJECT_VERSION = 1;
				GENERATE_INFOPLIST_FILE = YES;
				INFOPLIST_FILE = VIP/Resources/Info.plist;
				INFOPLIST_KEY_UIApplicationSupportsIndirectInputEvents = YES;
				INFOPLIST_KEY_UILaunchStoryboardName = LaunchScreen;
				INFOPLIST_KEY_UISupportedInterfaceOrientations = "UIInterfaceOrientationLandscapeLeft UIInterfaceOrientationLandscapeRight UIInterfaceOrientationPortrait";
				INFOPLIST_KEY_UISupportedInterfaceOrientations_iPad = "UIInterfaceOrientationLandscapeLeft UIInterfaceOrientationLandscapeRight UIInterfaceOrientationPortrait UIInterfaceOrientationPortraitUpsideDown";
				IPHONEOS_DEPLOYMENT_TARGET = 13.0;
				LD_RUNPATH_SEARCH_PATHS = (
					"$(inherited)",
					"@executable_path/Frameworks",
				);
				MARKETING_VERSION = 1.0;
				PRODUCT_BUNDLE_IDENTIFIER = com.nomadic.VIP;
				PRODUCT_NAME = "$(TARGET_NAME)";
				SUPPORTED_PLATFORMS = "iphoneos iphonesimulator";
				SUPPORTS_MACCATALYST = NO;
				SUPPORTS_MAC_DESIGNED_FOR_IPHONE_IPAD = NO;
				SWIFT_EMIT_LOC_STRINGS = YES;
				SWIFT_VERSION = 5.0;
				TARGETED_DEVICE_FAMILY = "1,2";
			};
			name = Debug;
		};
		5CF0EB3D2922AE64001F533D /* Release */ = {
			isa = XCBuildConfiguration;
			buildSettings = {
				ASSETCATALOG_COMPILER_APPICON_NAME = AppIcon;
				ASSETCATALOG_COMPILER_GLOBAL_ACCENT_COLOR_NAME = AccentColor;
				CODE_SIGN_STYLE = Automatic;
				CURRENT_PROJECT_VERSION = 1;
				GENERATE_INFOPLIST_FILE = YES;
				INFOPLIST_FILE = VIP/Resources/Info.plist;
				INFOPLIST_KEY_UIApplicationSupportsIndirectInputEvents = YES;
				INFOPLIST_KEY_UILaunchStoryboardName = LaunchScreen;
				INFOPLIST_KEY_UISupportedInterfaceOrientations = "UIInterfaceOrientationLandscapeLeft UIInterfaceOrientationLandscapeRight UIInterfaceOrientationPortrait";
				INFOPLIST_KEY_UISupportedInterfaceOrientations_iPad = "UIInterfaceOrientationLandscapeLeft UIInterfaceOrientationLandscapeRight UIInterfaceOrientationPortrait UIInterfaceOrientationPortraitUpsideDown";
				IPHONEOS_DEPLOYMENT_TARGET = 13.0;
				LD_RUNPATH_SEARCH_PATHS = (
					"$(inherited)",
					"@executable_path/Frameworks",
				);
				MARKETING_VERSION = 1.0;
				PRODUCT_BUNDLE_IDENTIFIER = com.nomadic.VIP;
				PRODUCT_NAME = "$(TARGET_NAME)";
				SUPPORTED_PLATFORMS = "iphoneos iphonesimulator";
				SUPPORTS_MACCATALYST = NO;
				SUPPORTS_MAC_DESIGNED_FOR_IPHONE_IPAD = NO;
				SWIFT_EMIT_LOC_STRINGS = YES;
				SWIFT_VERSION = 5.0;
				TARGETED_DEVICE_FAMILY = "1,2";
			};
			name = Release;
		};
/* End XCBuildConfiguration section */

/* Begin XCConfigurationList section */
		5CF0EB222922AE63001F533D /* Build configuration list for PBXProject "VIP" */ = {
			isa = XCConfigurationList;
			buildConfigurations = (
				5CF0EB392922AE64001F533D /* Debug */,
				5CF0EB3A2922AE64001F533D /* Release */,
			);
			defaultConfigurationIsVisible = 0;
			defaultConfigurationName = Release;
		};
		5CF0EB3B2922AE64001F533D /* Build configuration list for PBXNativeTarget "VIP" */ = {
			isa = XCConfigurationList;
			buildConfigurations = (
				5CF0EB3C2922AE64001F533D /* Debug */,
				5CF0EB3D2922AE64001F533D /* Release */,
			);
			defaultConfigurationIsVisible = 0;
			defaultConfigurationName = Release;
		};
/* End XCConfigurationList section */
	};
	rootObject = 5CF0EB1F2922AE63001F533D /* Project object */;
}
